
Microsoft Visual Studio Solution File, Format Version 12.00
# Visual Studio Version 17
VisualStudioVersion = 17.4.33122.133
MinimumVisualStudioVersion = 10.0.40219.1
Project("{FAE04EC0-301F-11D3-BF4B-00C04F79EFBC}") = "DatabaseCreation", "DatabaseCreation\DatabaseCreation.csproj", "{FA4F43AF-0E45-4A6C-85F9-C98ACF89C8C7}"
EndProject
Project("{FAE04EC0-301F-11D3-BF4B-00C04F79EFBC}") = "ShoppingAppModel", "ShoppingAppModel\ShoppingAppModel.csproj", "{A3A229A9-F51A-4639-A3F4-880E2CE61DE9}"
EndProject
Project("{FAE04EC0-301F-11D3-BF4B-00C04F79EFBC}") = "ShoppingListApp", "ShoppingListApp\ShoppingListApp.csproj", "{445C09AA-1B02-4281-B1F0-B1B1E7D7D1B1}"
EndProject
Global
	GlobalSection(SolutionConfigurationPlatforms) = preSolution
		Debug|Any CPU = Debug|Any CPU
		Release|Any CPU = Release|Any CPU
	EndGlobalSection
	GlobalSection(ProjectConfigurationPlatforms) = postSolution
		{FA4F43AF-0E45-4A6C-85F9-C98ACF89C8C7}.Debug|Any CPU.ActiveCfg = Debug|Any CPU
		{FA4F43AF-0E45-4A6C-85F9-C98ACF89C8C7}.Debug|Any CPU.Build.0 = Debug|Any CPU
		{FA4F43AF-0E45-4A6C-85F9-C98ACF89C8C7}.Release|Any CPU.ActiveCfg = Release|Any CPU
		{FA4F43AF-0E45-4A6C-85F9-C98ACF89C8C7}.Release|Any CPU.Build.0 = Release|Any CPU
		{A3A229A9-F51A-4639-A3F4-880E2CE61DE9}.Debug|Any CPU.ActiveCfg = Debug|Any CPU
		{A3A229A9-F51A-4639-A3F4-880E2CE61DE9}.Debug|Any CPU.Build.0 = Debug|Any CPU
		{A3A229A9-F51A-4639-A3F4-880E2CE61DE9}.Release|Any CPU.ActiveCfg = Release|Any CPU
		{A3A229A9-F51A-4639-A3F4-880E2CE61DE9}.Release|Any CPU.Build.0 = Release|Any CPU
		{445C09AA-1B02-4281-B1F0-B1B1E7D7D1B1}.Debug|Any CPU.ActiveCfg = Debug|Any CPU
		{445C09AA-1B02-4281-B1F0-B1B1E7D7D1B1}.Debug|Any CPU.Build.0 = Debug|Any CPU
		{445C09AA-1B02-4281-B1F0-B1B1E7D7D1B1}.Release|Any CPU.ActiveCfg = Release|Any CPU
		{445C09AA-1B02-4281-B1F0-B1B1E7D7D1B1}.Release|Any CPU.Build.0 = Release|Any CPU
	EndGlobalSection
	GlobalSection(SolutionProperties) = preSolution
		HideSolutionNode = FALSE
	EndGlobalSection
	GlobalSection(ExtensibilityGlobals) = postSolution
		SolutionGuid = {728FC996-99F9-4E05-8EC7-0B00E9185796}
	EndGlobalSection
EndGlobal
